
Microsoft Visual Studio Solution File, Format Version 12.00
# Visual Studio 15
VisualStudioVersion = 15.0.27703.2042
MinimumVisualStudioVersion = 10.0.40219.1
Project("{FAE04EC0-301F-11D3-BF4B-00C04F79EFBC}") = "HajjButler", "HajjButler\HajjButler.csproj", "{1F9FD9C2-1898-4A99-AECC-92796F91E646}"
EndProject
Global
	GlobalSection(SolutionConfigurationPlatforms) = preSolution
		Debug|Any CPU = Debug|Any CPU
		Release|Any CPU = Release|Any CPU
	EndGlobalSection
	GlobalSection(ProjectConfigurationPlatforms) = postSolution
		{1F9FD9C2-1898-4A99-AECC-92796F91E646}.Debug|Any CPU.ActiveCfg = Debug|Any CPU
		{1F9FD9C2-1898-4A99-AECC-92796F91E646}.Debug|Any CPU.Build.0 = Debug|Any CPU
		{1F9FD9C2-1898-4A99-AECC-92796F91E646}.Release|Any CPU.ActiveCfg = Release|Any CPU
		{1F9FD9C2-1898-4A99-AECC-92796F91E646}.Release|Any CPU.Build.0 = Release|Any CPU
	EndGlobalSection
	GlobalSection(SolutionProperties) = preSolution
		HideSolutionNode = FALSE
	EndGlobalSection
	GlobalSection(ExtensibilityGlobals) = postSolution
		SolutionGuid = {B6000994-46AE-42AA-B97C-4A5C08BD84B1}
	EndGlobalSection
EndGlobal
